
Microsoft Visual Studio Solution File, Format Version 12.00
# Visual Studio Version 16
VisualStudioVersion = 16.0.31624.102
MinimumVisualStudioVersion = 10.0.40219.1
Project("{8BC9CEB8-8B4A-11D0-8D11-00A0C91BC942}") = "toy_robot", "toy_robot\toy_robot.vcxproj", "{B9E1A400-41DF-4582-8CAE-0368900BBEBB}"
EndProject
Project("{8BC9CEB8-8B4A-11D0-8D11-00A0C91BC942}") = "toy_robot_test", "toy_robot_test\toy_robot_test.vcxproj", "{EED9AF20-41A4-4DE1-BD53-03C1F29D4710}"
EndProject
Global
	GlobalSection(SolutionConfigurationPlatforms) = preSolution
		Debug|x64 = Debug|x64
		Debug|x86 = Debug|x86
		Release|x64 = Release|x64
		Release|x86 = Release|x86
	EndGlobalSection
	GlobalSection(ProjectConfigurationPlatforms) = postSolution
		{B9E1A400-41DF-4582-8CAE-0368900BBEBB}.Debug|x64.ActiveCfg = Debug|x64
		{B9E1A400-41DF-4582-8CAE-0368900BBEBB}.Debug|x64.Build.0 = Debug|x64
		{B9E1A400-41DF-4582-8CAE-0368900BBEBB}.Debug|x86.ActiveCfg = Debug|Win32
		{B9E1A400-41DF-4582-8CAE-0368900BBEBB}.Debug|x86.Build.0 = Debug|Win32
		{B9E1A400-41DF-4582-8CAE-0368900BBEBB}.Release|x64.ActiveCfg = Release|x64
		{B9E1A400-41DF-4582-8CAE-0368900BBEBB}.Release|x64.Build.0 = Release|x64
		{B9E1A400-41DF-4582-8CAE-0368900BBEBB}.Release|x86.ActiveCfg = Release|Win32
		{B9E1A400-41DF-4582-8CAE-0368900BBEBB}.Release|x86.Build.0 = Release|Win32
		{EED9AF20-41A4-4DE1-BD53-03C1F29D4710}.Debug|x64.ActiveCfg = Debug|x64
		{EED9AF20-41A4-4DE1-BD53-03C1F29D4710}.Debug|x64.Build.0 = Debug|x64
		{EED9AF20-41A4-4DE1-BD53-03C1F29D4710}.Debug|x86.ActiveCfg = Debug|Win32
		{EED9AF20-41A4-4DE1-BD53-03C1F29D4710}.Debug|x86.Build.0 = Debug|Win32
		{EED9AF20-41A4-4DE1-BD53-03C1F29D4710}.Release|x64.ActiveCfg = Release|x64
		{EED9AF20-41A4-4DE1-BD53-03C1F29D4710}.Release|x64.Build.0 = Release|x64
		{EED9AF20-41A4-4DE1-BD53-03C1F29D4710}.Release|x86.ActiveCfg = Release|Win32
		{EED9AF20-41A4-4DE1-BD53-03C1F29D4710}.Release|x86.Build.0 = Release|Win32
	EndGlobalSection
	GlobalSection(SolutionProperties) = preSolution
		HideSolutionNode = FALSE
	EndGlobalSection
	GlobalSection(ExtensibilityGlobals) = postSolution
		SolutionGuid = {E38799AA-878A-4985-91B9-FECB994211EE}
	EndGlobalSection
EndGlobal
